// !$*UTF8*$!
{
	archiveVersion = 1;
	classes = {
	};
	objectVersion = 50;
	objects = {

/* Begin PBXBuildFile section */
		6451CF312511E29D00846740 /* Profile.swift in Sources */ = {isa = PBXBuildFile; fileRef = 6451CF302511E29D00846740 /* Profile.swift */; };
		6451CF332511E81C00846740 /* profileEditTableViewController.swift in Sources */ = {isa = PBXBuildFile; fileRef = 6451CF322511E81C00846740 /* profileEditTableViewController.swift */; };
		6451CF3525131D1E00846740 /* photoDetailViewController.swift in Sources */ = {isa = PBXBuildFile; fileRef = 6451CF3425131D1E00846740 /* photoDetailViewController.swift */; };
		64F7F99A250F3D9000BAAEFB /* AppDelegate.swift in Sources */ = {isa = PBXBuildFile; fileRef = 64F7F999250F3D9000BAAEFB /* AppDelegate.swift */; };
		64F7F99C250F3D9000BAAEFB /* SceneDelegate.swift in Sources */ = {isa = PBXBuildFile; fileRef = 64F7F99B250F3D9000BAAEFB /* SceneDelegate.swift */; };
		64F7F99E250F3D9000BAAEFB /* ViewController.swift in Sources */ = {isa = PBXBuildFile; fileRef = 64F7F99D250F3D9000BAAEFB /* ViewController.swift */; };
		64F7F9A1250F3D9000BAAEFB /* Main.storyboard in Resources */ = {isa = PBXBuildFile; fileRef = 64F7F99F250F3D9000BAAEFB /* Main.storyboard */; };
		64F7F9A3250F3D9400BAAEFB /* Assets.xcassets in Resources */ = {isa = PBXBuildFile; fileRef = 64F7F9A2250F3D9400BAAEFB /* Assets.xcassets */; };
		64F7F9A6250F3D9400BAAEFB /* LaunchScreen.storyboard in Resources */ = {isa = PBXBuildFile; fileRef = 64F7F9A4250F3D9400BAAEFB /* LaunchScreen.storyboard */; };
		64F7F9AE250F475400BAAEFB /* gridPhotoWallViewController.swift in Sources */ = {isa = PBXBuildFile; fileRef = 64F7F9AD250F475400BAAEFB /* gridPhotoWallViewController.swift */; };
		64F7F9B0250F4EEF00BAAEFB /* photoCollectionViewCell.swift in Sources */ = {isa = PBXBuildFile; fileRef = 64F7F9AF250F4EEF00BAAEFB /* photoCollectionViewCell.swift */; };
		64F7F9D6250F70EB00BAAEFB /* ProfileTableViewController.swift in Sources */ = {isa = PBXBuildFile; fileRef = 64F7F9D5250F70EB00BAAEFB /* ProfileTableViewController.swift */; };
/* End PBXBuildFile section */

/* Begin PBXFileReference section */
		6451CF302511E29D00846740 /* Profile.swift */ = {isa = PBXFileReference; lastKnownFileType = sourcecode.swift; path = Profile.swift; sourceTree = "<group>"; };
		6451CF322511E81C00846740 /* profileEditTableViewController.swift */ = {isa = PBXFileReference; lastKnownFileType = sourcecode.swift; path = profileEditTableViewController.swift; sourceTree = "<group>"; };
		6451CF3425131D1E00846740 /* photoDetailViewController.swift */ = {isa = PBXFileReference; lastKnownFileType = sourcecode.swift; path = photoDetailViewController.swift; sourceTree = "<group>"; };
		64F7F996250F3D9000BAAEFB /* GridPhotoWall.app */ = {isa = PBXFileReference; explicitFileType = wrapper.application; includeInIndex = 0; path = GridPhotoWall.app; sourceTree = BUILT_PRODUCTS_DIR; };
		64F7F999250F3D9000BAAEFB /* AppDelegate.swift */ = {isa = PBXFileReference; lastKnownFileType = sourcecode.swift; path = AppDelegate.swift; sourceTree = "<group>"; };
		64F7F99B250F3D9000BAAEFB /* SceneDelegate.swift */ = {isa = PBXFileReference; lastKnownFileType = sourcecode.swift; path = SceneDelegate.swift; sourceTree = "<group>"; };
		64F7F99D250F3D9000BAAEFB /* ViewController.swift */ = {isa = PBXFileReference; lastKnownFileType = sourcecode.swift; path = ViewController.swift; sourceTree = "<group>"; };
		64F7F9A0250F3D9000BAAEFB /* Base */ = {isa = PBXFileReference; lastKnownFileType = file.storyboard; name = Base; path = Base.lproj/Main.storyboard; sourceTree = "<group>"; };
		64F7F9A2250F3D9400BAAEFB /* Assets.xcassets */ = {isa = PBXFileReference; lastKnownFileType = folder.assetcatalog; path = Assets.xcassets; sourceTree = "<group>"; };
		64F7F9A5250F3D9400BAAEFB /* Base */ = {isa = PBXFileReference; lastKnownFileType = file.storyboard; name = Base; path = Base.lproj/LaunchScreen.storyboard; sourceTree = "<group>"; };
		64F7F9A7250F3D9400BAAEFB /* Info.plist */ = {isa = PBXFileReference; lastKnownFileType = text.plist.xml; path = Info.plist; sourceTree = "<group>"; };
		64F7F9AD250F475400BAAEFB /* gridPhotoWallViewController.swift */ = {isa = PBXFileReference; lastKnownFileType = sourcecode.swift; path = gridPhotoWallViewController.swift; sourceTree = "<group>"; };
		64F7F9AF250F4EEF00BAAEFB /* photoCollectionViewCell.swift */ = {isa = PBXFileReference; lastKnownFileType = sourcecode.swift; path = photoCollectionViewCell.swift; sourceTree = "<group>"; };
		64F7F9D5250F70EB00BAAEFB /* ProfileTableViewController.swift */ = {isa = PBXFileReference; lastKnownFileType = sourcecode.swift; path = ProfileTableViewController.swift; sourceTree = "<group>"; };
/* End PBXFileReference section */

/* Begin PBXFrameworksBuildPhase section */
		64F7F993250F3D9000BAAEFB /* Frameworks */ = {
			isa = PBXFrameworksBuildPhase;
			buildActionMask = 2147483647;
			files = (
			);
			runOnlyForDeploymentPostprocessing = 0;
		};
/* End PBXFrameworksBuildPhase section */

/* Begin PBXGroup section */
		64F7F98D250F3D9000BAAEFB = {
			isa = PBXGroup;
			children = (
				64F7F998250F3D9000BAAEFB /* GridPhotoWall */,
				64F7F997250F3D9000BAAEFB /* Products */,
			);
			sourceTree = "<group>";
		};
		64F7F997250F3D9000BAAEFB /* Products */ = {
			isa = PBXGroup;
			children = (
				64F7F996250F3D9000BAAEFB /* GridPhotoWall.app */,
			);
			name = Products;
			sourceTree = "<group>";
		};
		64F7F998250F3D9000BAAEFB /* GridPhotoWall */ = {
			isa = PBXGroup;
			children = (
				64F7F999250F3D9000BAAEFB /* AppDelegate.swift */,
				64F7F99B250F3D9000BAAEFB /* SceneDelegate.swift */,
				64F7F99D250F3D9000BAAEFB /* ViewController.swift */,
				64F7F99F250F3D9000BAAEFB /* Main.storyboard */,
				6451CF3425131D1E00846740 /* photoDetailViewController.swift */,
				6451CF322511E81C00846740 /* profileEditTableViewController.swift */,
				64F7F9D5250F70EB00BAAEFB /* ProfileTableViewController.swift */,
				6451CF302511E29D00846740 /* Profile.swift */,
				64F7F9AD250F475400BAAEFB /* gridPhotoWallViewController.swift */,
				64F7F9AF250F4EEF00BAAEFB /* photoCollectionViewCell.swift */,
				64F7F9A2250F3D9400BAAEFB /* Assets.xcassets */,
				64F7F9A4250F3D9400BAAEFB /* LaunchScreen.storyboard */,
				64F7F9A7250F3D9400BAAEFB /* Info.plist */,
			);
			path = GridPhotoWall;
			sourceTree = "<group>";
		};
/* End PBXGroup section */

/* Begin PBXNativeTarget section */
		64F7F995250F3D9000BAAEFB /* GridPhotoWall */ = {
			isa = PBXNativeTarget;
			buildConfigurationList = 64F7F9AA250F3D9400BAAEFB /* Build configuration list for PBXNativeTarget "GridPhotoWall" */;
			buildPhases = (
				64F7F992250F3D9000BAAEFB /* Sources */,
				64F7F993250F3D9000BAAEFB /* Frameworks */,
				64F7F994250F3D9000BAAEFB /* Resources */,
			);
			buildRules = (
			);
			dependencies = (
			);
			name = GridPhotoWall;
			productName = GridPhotoWall;
			productReference = 64F7F996250F3D9000BAAEFB /* GridPhotoWall.app */;
			productType = "com.apple.product-type.application";
		};
/* End PBXNativeTarget section */

/* Begin PBXProject section */
		64F7F98E250F3D9000BAAEFB /* Project object */ = {
			isa = PBXProject;
			attributes = {
				LastSwiftUpdateCheck = 1200;
				LastUpgradeCheck = 1200;
				TargetAttributes = {
					64F7F995250F3D9000BAAEFB = {
						CreatedOnToolsVersion = 12.0;
					};
				};
			};
			buildConfigurationList = 64F7F991250F3D9000BAAEFB /* Build configuration list for PBXProject "GridPhotoWall" */;
			compatibilityVersion = "Xcode 9.3";
			developmentRegion = en;
			hasScannedForEncodings = 0;
			knownRegions = (
				en,
				Base,
			);
			mainGroup = 64F7F98D250F3D9000BAAEFB;
			productRefGroup = 64F7F997250F3D9000BAAEFB /* Products */;
			projectDirPath = "";
			projectRoot = "";
			targets = (
				64F7F995250F3D9000BAAEFB /* GridPhotoWall */,
			);
		};
/* End PBXProject section */

/* Begin PBXResourcesBuildPhase section */
		64F7F994250F3D9000BAAEFB /* Resources */ = {
			isa = PBXResourcesBuildPhase;
			buildActionMask = 2147483647;
			files = (
				64F7F9A6250F3D9400BAAEFB /* LaunchScreen.storyboard in Resources */,
				64F7F9A3250F3D9400BAAEFB /* Assets.xcassets in Resources */,
				64F7F9A1250F3D9000BAAEFB /* Main.storyboard in Resources */,
			);
			runOnlyForDeploymentPostprocessing = 0;
		};
/* End PBXResourcesBuildPhase section */

/* Begin PBXSourcesBuildPhase section */
		64F7F992250F3D9000BAAEFB /* Sources */ = {
			isa = PBXSourcesBuildPhase;
			buildActionMask = 2147483647;
			files = (
				64F7F9D6250F70EB00BAAEFB /* ProfileTableViewController.swift in Sources */,
				64F7F99E250F3D9000BAAEFB /* ViewController.swift in Sources */,
				64F7F9AE250F475400BAAEFB /* gridPhotoWallViewController.swift in Sources */,
				64F7F9B0250F4EEF00BAAEFB /* photoCollectionViewCell.swift in Sources */,
				6451CF312511E29D00846740 /* Profile.swift in Sources */,
				6451CF3525131D1E00846740 /* photoDetailViewController.swift in Sources */,
				6451CF332511E81C00846740 /* profileEditTableViewController.swift in Sources */,
				64F7F99A250F3D9000BAAEFB /* AppDelegate.swift in Sources */,
				64F7F99C250F3D9000BAAEFB /* SceneDelegate.swift in Sources */,
			);
			runOnlyForDeploymentPostprocessing = 0;
		};
/* End PBXSourcesBuildPhase section */

/* Begin PBXVariantGroup section */
		64F7F99F250F3D9000BAAEFB /* Main.storyboard */ = {
			isa = PBXVariantGroup;
			children = (
				64F7F9A0250F3D9000BAAEFB /* Base */,
			);
			name = Main.storyboard;
			sourceTree = "<group>";
		};
		64F7F9A4250F3D9400BAAEFB /* LaunchScreen.storyboard */ = {
			isa = PBXVariantGroup;
			children = (
				64F7F9A5250F3D9400BAAEFB /* Base */,
			);
			name = LaunchScreen.storyboard;
			sourceTree = "<group>";
		};
/* End PBXVariantGroup section */

/* Begin XCBuildConfiguration section */
		64F7F9A8250F3D9400BAAEFB /* Debug */ = {
			isa = XCBuildConfiguration;
			buildSettings = {
				ALWAYS_SEARCH_USER_PATHS = NO;
				CLANG_ANALYZER_NONNULL = YES;
				CLANG_ANALYZER_NUMBER_OBJECT_CONVERSION = YES_AGGRESSIVE;
				CLANG_CXX_LANGUAGE_STANDARD = "gnu++14";
				CLANG_CXX_LIBRARY = "libc++";
				CLANG_ENABLE_MODULES = YES;
				CLANG_ENABLE_OBJC_ARC = YES;
				CLANG_ENABLE_OBJC_WEAK = YES;
				CLANG_WARN_BLOCK_CAPTURE_AUTORELEASING = YES;
				CLANG_WARN_BOOL_CONVERSION = YES;
				CLANG_WARN_COMMA = YES;
				CLANG_WARN_CONSTANT_CONVERSION = YES;
				CLANG_WARN_DEPRECATED_OBJC_IMPLEMENTATIONS = YES;
				CLANG_WARN_DIRECT_OBJC_ISA_USAGE = YES_ERROR;
				CLANG_WARN_DOCUMENTATION_COMMENTS = YES;
				CLANG_WARN_EMPTY_BODY = YES;
				CLANG_WARN_ENUM_CONVERSION = YES;
				CLANG_WARN_INFINITE_RECURSION = YES;
				CLANG_WARN_INT_CONVERSION = YES;
				CLANG_WARN_NON_LITERAL_NULL_CONVERSION = YES;
				CLANG_WARN_OBJC_IMPLICIT_RETAIN_SELF = YES;
				CLANG_WARN_OBJC_LITERAL_CONVERSION = YES;
				CLANG_WARN_OBJC_ROOT_CLASS = YES_ERROR;
				CLANG_WARN_QUOTED_INCLUDE_IN_FRAMEWORK_HEADER = YES;
				CLANG_WARN_RANGE_LOOP_ANALYSIS = YES;
				CLANG_WARN_STRICT_PROTOTYPES = YES;
				CLANG_WARN_SUSPICIOUS_MOVE = YES;
				CLANG_WARN_UNGUARDED_AVAILABILITY = YES_AGGRESSIVE;
				CLANG_WARN_UNREACHABLE_CODE = YES;
				CLANG_WARN__DUPLICATE_METHOD_MATCH = YES;
				COPY_PHASE_STRIP = NO;
				DEBUG_INFORMATION_FORMAT = dwarf;
				ENABLE_STRICT_OBJC_MSGSEND = YES;
				ENABLE_TESTABILITY = YES;
				GCC_C_LANGUAGE_STANDARD = gnu11;
				GCC_DYNAMIC_NO_PIC = NO;
				GCC_NO_COMMON_BLOCKS = YES;
				GCC_OPTIMIZATION_LEVEL = 0;
				GCC_PREPROCESSOR_DEFINITIONS = (
					"DEBUG=1",
					"$(inherited)",
				);
				GCC_WARN_64_TO_32_BIT_CONVERSION = YES;
				GCC_WARN_ABOUT_RETURN_TYPE = YES_ERROR;
				GCC_WARN_UNDECLARED_SELECTOR = YES;
				GCC_WARN_UNINITIALIZED_AUTOS = YES_AGGRESSIVE;
				GCC_WARN_UNUSED_FUNCTION = YES;
				GCC_WARN_UNUSED_VARIABLE = YES;
				IPHONEOS_DEPLOYMENT_TARGET = 14.0;
				MTL_ENABLE_DEBUG_INFO = INCLUDE_SOURCE;
				MTL_FAST_MATH = YES;
				ONLY_ACTIVE_ARCH = YES;
				SDKROOT = iphoneos;
				SWIFT_ACTIVE_COMPILATION_CONDITIONS = DEBUG;
				SWIFT_OPTIMIZATION_LEVEL = "-Onone";
			};
			name = Debug;
		};
		64F7F9A9250F3D9400BAAEFB /* Release */ = {
			isa = XCBuildConfiguration;
			buildSettings = {
				ALWAYS_SEARCH_USER_PATHS = NO;
				CLANG_ANALYZER_NONNULL = YES;
				CLANG_ANALYZER_NUMBER_OBJECT_CONVERSION = YES_AGGRESSIVE;
				CLANG_CXX_LANGUAGE_STANDARD = "gnu++14";
				CLANG_CXX_LIBRARY = "libc++";
				CLANG_ENABLE_MODULES = YES;
				CLANG_ENABLE_OBJC_ARC = YES;
				CLANG_ENABLE_OBJC_WEAK = YES;
				CLANG_WARN_BLOCK_CAPTURE_AUTORELEASING = YES;
				CLANG_WARN_BOOL_CONVERSION = YES;
				CLANG_WARN_COMMA = YES;
				CLANG_WARN_CONSTANT_CONVERSION = YES;
				CLANG_WARN_DEPRECATED_OBJC_IMPLEMENTATIONS = YES;
				CLANG_WARN_DIRECT_OBJC_ISA_USAGE = YES_ERROR;
				CLANG_WARN_DOCUMENTATION_COMMENTS = YES;
				CLANG_WARN_EMPTY_BODY = YES;
				CLANG_WARN_ENUM_CONVERSION = YES;
				CLANG_WARN_INFINITE_RECURSION = YES;
				CLANG_WARN_INT_CONVERSION = YES;
				CLANG_WARN_NON_LITERAL_NULL_CONVERSION = YES;
				CLANG_WARN_OBJC_IMPLICIT_RETAIN_SELF = YES;
				CLANG_WARN_OBJC_LITERAL_CONVERSION = YES;
				CLANG_WARN_OBJC_ROOT_CLASS = YES_ERROR;
				CLANG_WARN_QUOTED_INCLUDE_IN_FRAMEWORK_HEADER = YES;
				CLANG_WARN_RANGE_LOOP_ANALYSIS = YES;
				CLANG_WARN_STRICT_PROTOTYPES = YES;
				CLANG_WARN_SUSPICIOUS_MOVE = YES;
				CLANG_WARN_UNGUARDED_AVAILABILITY = YES_AGGRESSIVE;
				CLANG_WARN_UNREACHABLE_CODE = YES;
				CLANG_WARN__DUPLICATE_METHOD_MATCH = YES;
				COPY_PHASE_STRIP = NO;
				DEBUG_INFORMATION_FORMAT = "dwarf-with-dsym";
				ENABLE_NS_ASSERTIONS = NO;
				ENABLE_STRICT_OBJC_MSGSEND = YES;
				GCC_C_LANGUAGE_STANDARD = gnu11;
				GCC_NO_COMMON_BLOCKS = YES;
				GCC_WARN_64_TO_32_BIT_CONVERSION = YES;
				GCC_WARN_ABOUT_RETURN_TYPE = YES_ERROR;
				GCC_WARN_UNDECLARED_SELECTOR = YES;
				GCC_WARN_UNINITIALIZED_AUTOS = YES_AGGRESSIVE;
				GCC_WARN_UNUSED_FUNCTION = YES;
				GCC_WARN_UNUSED_VARIABLE = YES;
				IPHONEOS_DEPLOYMENT_TARGET = 14.0;
				MTL_ENABLE_DEBUG_INFO = NO;
				MTL_FAST_MATH = YES;
				SDKROOT = iphoneos;
				SWIFT_COMPILATION_MODE = wholemodule;
				SWIFT_OPTIMIZATION_LEVEL = "-O";
				VALIDATE_PRODUCT = YES;
			};
			name = Release;
		};
		64F7F9AB250F3D9400BAAEFB /* Debug */ = {
			isa = XCBuildConfiguration;
			buildSettings = {
				ASSETCATALOG_COMPILER_APPICON_NAME = AppIcon;
				ASSETCATALOG_COMPILER_GLOBAL_ACCENT_COLOR_NAME = AccentColor;
				CODE_SIGN_STYLE = Automatic;
				DEVELOPMENT_TEAM = X8VRLAS2GU;
				INFOPLIST_FILE = GridPhotoWall/Info.plist;
				LD_RUNPATH_SEARCH_PATHS = (
					"$(inherited)",
					"@executable_path/Frameworks",
				);
				PRODUCT_BUNDLE_IDENTIFIER = post.portfolio.alicefang.GridPhotoWall;
				PRODUCT_NAME = "$(TARGET_NAME)";
				SWIFT_VERSION = 5.0;
				TARGETED_DEVICE_FAMILY = "1,2";
			};
			name = Debug;
		};
		64F7F9AC250F3D9400BAAEFB /* Release */ = {
			isa = XCBuildConfiguration;
			buildSettings = {
				ASSETCATALOG_COMPILER_APPICON_NAME = AppIcon;
				ASSETCATALOG_COMPILER_GLOBAL_ACCENT_COLOR_NAME = AccentColor;
				CODE_SIGN_STYLE = Automatic;
				DEVELOPMENT_TEAM = X8VRLAS2GU;
				INFOPLIST_FILE = GridPhotoWall/Info.plist;
				LD_RUNPATH_SEARCH_PATHS = (
					"$(inherited)",
					"@executable_path/Frameworks",
				);
				PRODUCT_BUNDLE_IDENTIFIER = post.portfolio.alicefang.GridPhotoWall;
				PRODUCT_NAME = "$(TARGET_NAME)";
				SWIFT_VERSION = 5.0;
				TARGETED_DEVICE_FAMILY = "1,2";
			};
			name = Release;
		};
/* End XCBuildConfiguration section */

/* Begin XCConfigurationList section */
		64F7F991250F3D9000BAAEFB /* Build configuration list for PBXProject "GridPhotoWall" */ = {
			isa = XCConfigurationList;
			buildConfigurations = (
				64F7F9A8250F3D9400BAAEFB /* Debug */,
				64F7F9A9250F3D9400BAAEFB /* Release */,
			);
			defaultConfigurationIsVisible = 0;
			defaultConfigurationName = Release;
		};
		64F7F9AA250F3D9400BAAEFB /* Build configuration list for PBXNativeTarget "GridPhotoWall" */ = {
			isa = XCConfigurationList;
			buildConfigurations = (
				64F7F9AB250F3D9400BAAEFB /* Debug */,
				64F7F9AC250F3D9400BAAEFB /* Release */,
			);
			defaultConfigurationIsVisible = 0;
			defaultConfigurationName = Release;
		};
/* End XCConfigurationList section */
	};
	rootObject = 64F7F98E250F3D9000BAAEFB /* Project object */;
}
